
Microsoft Visual Studio Solution File, Format Version 12.00
# Visual Studio Version 16
VisualStudioVersion = 16.0.31112.23
MinimumVisualStudioVersion = 10.0.40219.1
Project("{8BC9CEB8-8B4A-11D0-8D11-00A0C91BC942}") = "2_2线性表的顺序表示-顺序表的实现", "2_2线性表的顺序表示-顺序表的实现\2_2线性表的顺序表示-顺序表的实现.vcxproj", "{C903871E-B222-4CE4-8A15-2D887D88FE3F}"
EndProject
Project("{8BC9CEB8-8B4A-11D0-8D11-00A0C91BC942}") = "2_3线性表的链式表示-链式表的实现", "2_3线性表的链式表示-链式表的实现\2_3线性表的链式表示-链式表的实现.vcxproj", "{7689C8F9-DC51-4E36-B342-63350B65029C}"
EndProject
Global
	GlobalSection(SolutionConfigurationPlatforms) = preSolution
		Debug|x64 = Debug|x64
		Debug|x86 = Debug|x86
		Release|x64 = Release|x64
		Release|x86 = Release|x86
	EndGlobalSection
	GlobalSection(ProjectConfigurationPlatforms) = postSolution
		{C903871E-B222-4CE4-8A15-2D887D88FE3F}.Debug|x64.ActiveCfg = Debug|x64
		{C903871E-B222-4CE4-8A15-2D887D88FE3F}.Debug|x64.Build.0 = Debug|x64
		{C903871E-B222-4CE4-8A15-2D887D88FE3F}.Debug|x86.ActiveCfg = Debug|Win32
		{C903871E-B222-4CE4-8A15-2D887D88FE3F}.Debug|x86.Build.0 = Debug|Win32
		{C903871E-B222-4CE4-8A15-2D887D88FE3F}.Release|x64.ActiveCfg = Release|x64
		{C903871E-B222-4CE4-8A15-2D887D88FE3F}.Release|x64.Build.0 = Release|x64
		{C903871E-B222-4CE4-8A15-2D887D88FE3F}.Release|x86.ActiveCfg = Release|Win32
		{C903871E-B222-4CE4-8A15-2D887D88FE3F}.Release|x86.Build.0 = Release|Win32
		{7689C8F9-DC51-4E36-B342-63350B65029C}.Debug|x64.ActiveCfg = Debug|x64
		{7689C8F9-DC51-4E36-B342-63350B65029C}.Debug|x64.Build.0 = Debug|x64
		{7689C8F9-DC51-4E36-B342-63350B65029C}.Debug|x86.ActiveCfg = Debug|Win32
		{7689C8F9-DC51-4E36-B342-63350B65029C}.Debug|x86.Build.0 = Debug|Win32
		{7689C8F9-DC51-4E36-B342-63350B65029C}.Release|x64.ActiveCfg = Release|x64
		{7689C8F9-DC51-4E36-B342-63350B65029C}.Release|x64.Build.0 = Release|x64
		{7689C8F9-DC51-4E36-B342-63350B65029C}.Release|x86.ActiveCfg = Release|Win32
		{7689C8F9-DC51-4E36-B342-63350B65029C}.Release|x86.Build.0 = Release|Win32
	EndGlobalSection
	GlobalSection(SolutionProperties) = preSolution
		HideSolutionNode = FALSE
	EndGlobalSection
	GlobalSection(ExtensibilityGlobals) = postSolution
		SolutionGuid = {26DB2D5D-C9D5-443E-8A49-470D329A4632}
	EndGlobalSection
EndGlobal
